
Microsoft Visual Studio Solution File, Format Version 12.00
# Visual Studio Version 16
VisualStudioVersion = 16.0.33529.622
MinimumVisualStudioVersion = 10.0.40219.1
Project("{FAE04EC0-301F-11D3-BF4B-00C04F79EFBC}") = "PaginaWebFutbol", "PaginaWebFutbol\PaginaWebFutbol.csproj", "{B2543835-4E34-4686-BF1E-E0A247EA7002}"
EndProject
Project("{FAE04EC0-301F-11D3-BF4B-00C04F79EFBC}") = "dominio", "dominio\dominio.csproj", "{3EEAE036-4EEB-4FB8-A472-E85812FC6A0B}"
EndProject
Project("{FAE04EC0-301F-11D3-BF4B-00C04F79EFBC}") = "negocio", "negocio\negocio.csproj", "{6CC44727-F882-4EE6-B58B-60AD80C9D6D9}"
EndProject
Global
	GlobalSection(SolutionConfigurationPlatforms) = preSolution
		Debug|Any CPU = Debug|Any CPU
		Release|Any CPU = Release|Any CPU
	EndGlobalSection
	GlobalSection(ProjectConfigurationPlatforms) = postSolution
		{B2543835-4E34-4686-BF1E-E0A247EA7002}.Debug|Any CPU.ActiveCfg = Debug|Any CPU
		{B2543835-4E34-4686-BF1E-E0A247EA7002}.Debug|Any CPU.Build.0 = Debug|Any CPU
		{B2543835-4E34-4686-BF1E-E0A247EA7002}.Release|Any CPU.ActiveCfg = Release|Any CPU
		{B2543835-4E34-4686-BF1E-E0A247EA7002}.Release|Any CPU.Build.0 = Release|Any CPU
		{3EEAE036-4EEB-4FB8-A472-E85812FC6A0B}.Debug|Any CPU.ActiveCfg = Debug|Any CPU
		{3EEAE036-4EEB-4FB8-A472-E85812FC6A0B}.Debug|Any CPU.Build.0 = Debug|Any CPU
		{3EEAE036-4EEB-4FB8-A472-E85812FC6A0B}.Release|Any CPU.ActiveCfg = Release|Any CPU
		{3EEAE036-4EEB-4FB8-A472-E85812FC6A0B}.Release|Any CPU.Build.0 = Release|Any CPU
		{6CC44727-F882-4EE6-B58B-60AD80C9D6D9}.Debug|Any CPU.ActiveCfg = Debug|Any CPU
		{6CC44727-F882-4EE6-B58B-60AD80C9D6D9}.Debug|Any CPU.Build.0 = Debug|Any CPU
		{6CC44727-F882-4EE6-B58B-60AD80C9D6D9}.Release|Any CPU.ActiveCfg = Release|Any CPU
		{6CC44727-F882-4EE6-B58B-60AD80C9D6D9}.Release|Any CPU.Build.0 = Release|Any CPU
	EndGlobalSection
	GlobalSection(SolutionProperties) = preSolution
		HideSolutionNode = FALSE
	EndGlobalSection
	GlobalSection(ExtensibilityGlobals) = postSolution
		SolutionGuid = {FB9AC41C-9843-43EA-AD39-B9A81701BD8E}
	EndGlobalSection
EndGlobal
